// !$*UTF8*$!
{
	archiveVersion = 1;
	classes = {
	};
	objectVersion = 46;
	objects = {

/* Begin PBXBuildFile section */
		DE61C2401F8E060F00AE564C /* UILabel+FontLayout.swift in Sources */ = {isa = PBXBuildFile; fileRef = DE61C23F1F8E060F00AE564C /* UILabel+FontLayout.swift */; };
		F68726328846CEED2119C295 /* Pods_AppStoreClone.framework in Frameworks */ = {isa = PBXBuildFile; fileRef = BF0671D9ED588DEDA4879E66 /* Pods_AppStoreClone.framework */; };
		F70D31EA1EF5EE4400DC3326 /* GradientView.swift in Sources */ = {isa = PBXBuildFile; fileRef = F70D31E91EF5EE4400DC3326 /* GradientView.swift */; };
		F70D31ED1EF6090400DC3326 /* WorldPremiereCell.swift in Sources */ = {isa = PBXBuildFile; fileRef = F70D31EB1EF6090400DC3326 /* WorldPremiereCell.swift */; };
		F70D31EE1EF6090400DC3326 /* WorldPremiereCell.xib in Resources */ = {isa = PBXBuildFile; fileRef = F70D31EC1EF6090400DC3326 /* WorldPremiereCell.xib */; };
		F70D31F11EF60B3100DC3326 /* UICollectionView+Reusable.swift in Sources */ = {isa = PBXBuildFile; fileRef = F70D31F01EF60B3100DC3326 /* UICollectionView+Reusable.swift */; };
		F70D31F31EF60B5700DC3326 /* Reusable.swift in Sources */ = {isa = PBXBuildFile; fileRef = F70D31F21EF60B5700DC3326 /* Reusable.swift */; };
		F70D31F51EF60CAE00DC3326 /* TodayViewController+CollectionView.swift in Sources */ = {isa = PBXBuildFile; fileRef = F70D31F41EF60CAE00DC3326 /* TodayViewController+CollectionView.swift */; };
		F70D31F91EF61C5E00DC3326 /* TodaySectionHeader.swift in Sources */ = {isa = PBXBuildFile; fileRef = F70D31F71EF61C5E00DC3326 /* TodaySectionHeader.swift */; };
		F70D31FA1EF61C5E00DC3326 /* TodaySectionHeader.xib in Resources */ = {isa = PBXBuildFile; fileRef = F70D31F81EF61C5E00DC3326 /* TodaySectionHeader.xib */; };
		F70D31FD1EF625D800DC3326 /* FromTheEditorsCell.swift in Sources */ = {isa = PBXBuildFile; fileRef = F70D31FB1EF625D800DC3326 /* FromTheEditorsCell.swift */; };
		F70D31FE1EF625D800DC3326 /* FromTheEditorsCell.xib in Resources */ = {isa = PBXBuildFile; fileRef = F70D31FC1EF625D800DC3326 /* FromTheEditorsCell.xib */; };
		F70D32001EF6273000DC3326 /* BaseRoundedCardCell.swift in Sources */ = {isa = PBXBuildFile; fileRef = F70D31FF1EF6273000DC3326 /* BaseRoundedCardCell.swift */; };
		F70D32031EF62E3D00DC3326 /* AppOfTheDayCell.swift in Sources */ = {isa = PBXBuildFile; fileRef = F70D32011EF62E3D00DC3326 /* AppOfTheDayCell.swift */; };
		F70D32041EF62E3D00DC3326 /* AppOfTheDayCell.xib in Resources */ = {isa = PBXBuildFile; fileRef = F70D32021EF62E3D00DC3326 /* AppOfTheDayCell.xib */; };
		F70D32071EF634FA00DC3326 /* GetStartedListCell.swift in Sources */ = {isa = PBXBuildFile; fileRef = F70D32051EF634FA00DC3326 /* GetStartedListCell.swift */; };
		F70D32081EF634FA00DC3326 /* GetStartedListCell.xib in Resources */ = {isa = PBXBuildFile; fileRef = F70D32061EF634FA00DC3326 /* GetStartedListCell.xib */; };
		F70D320B1EF6532300DC3326 /* PresentStoryViewAnimationController.swift in Sources */ = {isa = PBXBuildFile; fileRef = F70D320A1EF6532300DC3326 /* PresentStoryViewAnimationController.swift */; };
		F7C44AA61EF70CF700E8E658 /* StoryDetailViewController.swift in Sources */ = {isa = PBXBuildFile; fileRef = F7C44AA51EF70CF700E8E658 /* StoryDetailViewController.swift */; };
		F7C44AA81EF76B0F00E8E658 /* DismissStoryViewAnimationController.swift in Sources */ = {isa = PBXBuildFile; fileRef = F7C44AA71EF76B0F00E8E658 /* DismissStoryViewAnimationController.swift */; };
		F7F0F14F1EF5EA1C00D73E20 /* AppDelegate.swift in Sources */ = {isa = PBXBuildFile; fileRef = F7F0F14E1EF5EA1C00D73E20 /* AppDelegate.swift */; };
		F7F0F1511EF5EA1C00D73E20 /* TodayViewController.swift in Sources */ = {isa = PBXBuildFile; fileRef = F7F0F1501EF5EA1C00D73E20 /* TodayViewController.swift */; };
		F7F0F1541EF5EA1C00D73E20 /* Main.storyboard in Resources */ = {isa = PBXBuildFile; fileRef = F7F0F1521EF5EA1C00D73E20 /* Main.storyboard */; };
		F7F0F1561EF5EA1C00D73E20 /* Assets.xcassets in Resources */ = {isa = PBXBuildFile; fileRef = F7F0F1551EF5EA1C00D73E20 /* Assets.xcassets */; };
		F7F0F1591EF5EA1C00D73E20 /* LaunchScreen.storyboard in Resources */ = {isa = PBXBuildFile; fileRef = F7F0F1571EF5EA1C00D73E20 /* LaunchScreen.storyboard */; };
		F7F0F1631EF5EAEF00D73E20 /* BaseView.swift in Sources */ = {isa = PBXBuildFile; fileRef = F7F0F1621EF5EAEF00D73E20 /* BaseView.swift */; };
		F7F0F1671EF5EB3900D73E20 /* UIView+Constraints.swift in Sources */ = {isa = PBXBuildFile; fileRef = F7F0F1661EF5EB3900D73E20 /* UIView+Constraints.swift */; };
/* End PBXBuildFile section */

/* Begin PBXFileReference section */
		7969423CEC4E6739F6E8EED0 /* Pods-AppStoreClone.debug.xcconfig */ = {isa = PBXFileReference; includeInIndex = 1; lastKnownFileType = text.xcconfig; name = "Pods-AppStoreClone.debug.xcconfig"; path = "Pods/Target Support Files/Pods-AppStoreClone/Pods-AppStoreClone.debug.xcconfig"; sourceTree = "<group>"; };
		BD89E3096EF2B1D912C836DA /* Pods-AppStoreClone.release.xcconfig */ = {isa = PBXFileReference; includeInIndex = 1; lastKnownFileType = text.xcconfig; name = "Pods-AppStoreClone.release.xcconfig"; path = "Pods/Target Support Files/Pods-AppStoreClone/Pods-AppStoreClone.release.xcconfig"; sourceTree = "<group>"; };
		BF0671D9ED588DEDA4879E66 /* Pods_AppStoreClone.framework */ = {isa = PBXFileReference; explicitFileType = wrapper.framework; includeInIndex = 0; path = Pods_AppStoreClone.framework; sourceTree = BUILT_PRODUCTS_DIR; };
		DE61C23F1F8E060F00AE564C /* UILabel+FontLayout.swift */ = {isa = PBXFileReference; lastKnownFileType = sourcecode.swift; path = "UILabel+FontLayout.swift"; sourceTree = "<group>"; };
		F70D31E91EF5EE4400DC3326 /* GradientView.swift */ = {isa = PBXFileReference; fileEncoding = 4; lastKnownFileType = sourcecode.swift; path = GradientView.swift; sourceTree = "<group>"; };
		F70D31EB1EF6090400DC3326 /* WorldPremiereCell.swift */ = {isa = PBXFileReference; fileEncoding = 4; lastKnownFileType = sourcecode.swift; name = WorldPremiereCell.swift; path = CollectionViewCells/WorldPremiereCell.swift; sourceTree = "<group>"; };
		F70D31EC1EF6090400DC3326 /* WorldPremiereCell.xib */ = {isa = PBXFileReference; fileEncoding = 4; lastKnownFileType = file.xib; name = WorldPremiereCell.xib; path = CollectionViewCells/WorldPremiereCell.xib; sourceTree = "<group>"; };
		F70D31F01EF60B3100DC3326 /* UICollectionView+Reusable.swift */ = {isa = PBXFileReference; fileEncoding = 4; lastKnownFileType = sourcecode.swift; name = "UICollectionView+Reusable.swift"; path = "Utility/UICollectionView+Reusable.swift"; sourceTree = "<group>"; };
		F70D31F21EF60B5700DC3326 /* Reusable.swift */ = {isa = PBXFileReference; fileEncoding = 4; lastKnownFileType = sourcecode.swift; name = Reusable.swift; path = Utility/Reusable.swift; sourceTree = "<group>"; };
		F70D31F41EF60CAE00DC3326 /* TodayViewController+CollectionView.swift */ = {isa = PBXFileReference; fileEncoding = 4; lastKnownFileType = sourcecode.swift; path = "TodayViewController+CollectionView.swift"; sourceTree = "<group>"; };
		F70D31F71EF61C5E00DC3326 /* TodaySectionHeader.swift */ = {isa = PBXFileReference; fileEncoding = 4; lastKnownFileType = sourcecode.swift; name = TodaySectionHeader.swift; path = Views/TodaySectionHeader.swift; sourceTree = "<group>"; };
		F70D31F81EF61C5E00DC3326 /* TodaySectionHeader.xib */ = {isa = PBXFileReference; fileEncoding = 4; lastKnownFileType = file.xib; name = TodaySectionHeader.xib; path = Views/TodaySectionHeader.xib; sourceTree = "<group>"; };
		F70D31FB1EF625D800DC3326 /* FromTheEditorsCell.swift */ = {isa = PBXFileReference; fileEncoding = 4; lastKnownFileType = sourcecode.swift; name = FromTheEditorsCell.swift; path = CollectionViewCells/FromTheEditorsCell.swift; sourceTree = "<group>"; };
		F70D31FC1EF625D800DC3326 /* FromTheEditorsCell.xib */ = {isa = PBXFileReference; fileEncoding = 4; lastKnownFileType = file.xib; name = FromTheEditorsCell.xib; path = CollectionViewCells/FromTheEditorsCell.xib; sourceTree = "<group>"; };
		F70D31FF1EF6273000DC3326 /* BaseRoundedCardCell.swift */ = {isa = PBXFileReference; fileEncoding = 4; lastKnownFileType = sourcecode.swift; name = BaseRoundedCardCell.swift; path = CollectionViewCells/BaseRoundedCardCell.swift; sourceTree = "<group>"; };
		F70D32011EF62E3D00DC3326 /* AppOfTheDayCell.swift */ = {isa = PBXFileReference; fileEncoding = 4; lastKnownFileType = sourcecode.swift; name = AppOfTheDayCell.swift; path = CollectionViewCells/AppOfTheDayCell.swift; sourceTree = "<group>"; };
		F70D32021EF62E3D00DC3326 /* AppOfTheDayCell.xib */ = {isa = PBXFileReference; fileEncoding = 4; lastKnownFileType = file.xib; name = AppOfTheDayCell.xib; path = CollectionViewCells/AppOfTheDayCell.xib; sourceTree = "<group>"; };
		F70D32051EF634FA00DC3326 /* GetStartedListCell.swift */ = {isa = PBXFileReference; fileEncoding = 4; lastKnownFileType = sourcecode.swift; name = GetStartedListCell.swift; path = CollectionViewCells/GetStartedListCell.swift; sourceTree = "<group>"; };
		F70D32061EF634FA00DC3326 /* GetStartedListCell.xib */ = {isa = PBXFileReference; fileEncoding = 4; lastKnownFileType = file.xib; name = GetStartedListCell.xib; path = CollectionViewCells/GetStartedListCell.xib; sourceTree = "<group>"; };
		F70D320A1EF6532300DC3326 /* PresentStoryViewAnimationController.swift */ = {isa = PBXFileReference; fileEncoding = 4; lastKnownFileType = sourcecode.swift; path = PresentStoryViewAnimationController.swift; sourceTree = "<group>"; };
		F7C44AA51EF70CF700E8E658 /* StoryDetailViewController.swift */ = {isa = PBXFileReference; fileEncoding = 4; lastKnownFileType = sourcecode.swift; path = StoryDetailViewController.swift; sourceTree = "<group>"; };
		F7C44AA71EF76B0F00E8E658 /* DismissStoryViewAnimationController.swift */ = {isa = PBXFileReference; fileEncoding = 4; lastKnownFileType = sourcecode.swift; path = DismissStoryViewAnimationController.swift; sourceTree = "<group>"; };
		F7F0F14B1EF5EA1C00D73E20 /* AppStoreClone.app */ = {isa = PBXFileReference; explicitFileType = wrapper.application; includeInIndex = 0; path = AppStoreClone.app; sourceTree = BUILT_PRODUCTS_DIR; };
		F7F0F14E1EF5EA1C00D73E20 /* AppDelegate.swift */ = {isa = PBXFileReference; lastKnownFileType = sourcecode.swift; path = AppDelegate.swift; sourceTree = "<group>"; };
		F7F0F1501EF5EA1C00D73E20 /* TodayViewController.swift */ = {isa = PBXFileReference; lastKnownFileType = sourcecode.swift; path = TodayViewController.swift; sourceTree = "<group>"; };
		F7F0F1531EF5EA1C00D73E20 /* Base */ = {isa = PBXFileReference; lastKnownFileType = file.storyboard; name = Base; path = Base.lproj/Main.storyboard; sourceTree = "<group>"; };
		F7F0F1551EF5EA1C00D73E20 /* Assets.xcassets */ = {isa = PBXFileReference; lastKnownFileType = folder.assetcatalog; path = Assets.xcassets; sourceTree = "<group>"; };
		F7F0F1581EF5EA1C00D73E20 /* Base */ = {isa = PBXFileReference; lastKnownFileType = file.storyboard; name = Base; path = Base.lproj/LaunchScreen.storyboard; sourceTree = "<group>"; };
		F7F0F15A1EF5EA1C00D73E20 /* Info.plist */ = {isa = PBXFileReference; lastKnownFileType = text.plist.xml; path = Info.plist; sourceTree = "<group>"; };
		F7F0F1621EF5EAEF00D73E20 /* BaseView.swift */ = {isa = PBXFileReference; fileEncoding = 4; lastKnownFileType = sourcecode.swift; path = BaseView.swift; sourceTree = "<group>"; };
		F7F0F1661EF5EB3900D73E20 /* UIView+Constraints.swift */ = {isa = PBXFileReference; fileEncoding = 4; lastKnownFileType = sourcecode.swift; path = "UIView+Constraints.swift"; sourceTree = "<group>"; };
/* End PBXFileReference section */

/* Begin PBXFrameworksBuildPhase section */
		F7F0F1481EF5EA1C00D73E20 /* Frameworks */ = {
			isa = PBXFrameworksBuildPhase;
			buildActionMask = 2147483647;
			files = (
				F68726328846CEED2119C295 /* Pods_AppStoreClone.framework in Frameworks */,
			);
			runOnlyForDeploymentPostprocessing = 0;
		};
/* End PBXFrameworksBuildPhase section */

/* Begin PBXGroup section */
		2B0D908CC428D5BCD639D2EE /* Pods */ = {
			isa = PBXGroup;
			children = (
				7969423CEC4E6739F6E8EED0 /* Pods-AppStoreClone.debug.xcconfig */,
				BD89E3096EF2B1D912C836DA /* Pods-AppStoreClone.release.xcconfig */,
			);
			name = Pods;
			sourceTree = "<group>";
		};
		A3E42C3061EA8AF928F383B7 /* Frameworks */ = {
			isa = PBXGroup;
			children = (
				BF0671D9ED588DEDA4879E66 /* Pods_AppStoreClone.framework */,
			);
			name = Frameworks;
			sourceTree = "<group>";
		};
		F70D31EF1EF6090B00DC3326 /* Cells */ = {
			isa = PBXGroup;
			children = (
				F70D31FF1EF6273000DC3326 /* BaseRoundedCardCell.swift */,
				F70D31EB1EF6090400DC3326 /* WorldPremiereCell.swift */,
				F70D31EC1EF6090400DC3326 /* WorldPremiereCell.xib */,
				F70D31FB1EF625D800DC3326 /* FromTheEditorsCell.swift */,
				F70D31FC1EF625D800DC3326 /* FromTheEditorsCell.xib */,
				F70D32011EF62E3D00DC3326 /* AppOfTheDayCell.swift */,
				F70D32021EF62E3D00DC3326 /* AppOfTheDayCell.xib */,
				F70D32051EF634FA00DC3326 /* GetStartedListCell.swift */,
				F70D32061EF634FA00DC3326 /* GetStartedListCell.xib */,
			);
			name = Cells;
			sourceTree = "<group>";
		};
		F70D31F61EF61C1B00DC3326 /* Views */ = {
			isa = PBXGroup;
			children = (
				F70D31F71EF61C5E00DC3326 /* TodaySectionHeader.swift */,
				F70D31F81EF61C5E00DC3326 /* TodaySectionHeader.xib */,
			);
			name = Views;
			sourceTree = "<group>";
		};
		F70D32091EF6530900DC3326 /* Animation */ = {
			isa = PBXGroup;
			children = (
				F70D320A1EF6532300DC3326 /* PresentStoryViewAnimationController.swift */,
				F7C44AA71EF76B0F00E8E658 /* DismissStoryViewAnimationController.swift */,
			);
			name = Animation;
			sourceTree = "<group>";
		};
		F7F0F1421EF5EA1C00D73E20 = {
			isa = PBXGroup;
			children = (
				F7F0F14D1EF5EA1C00D73E20 /* AppStoreClone */,
				F7F0F14C1EF5EA1C00D73E20 /* Products */,
				2B0D908CC428D5BCD639D2EE /* Pods */,
				A3E42C3061EA8AF928F383B7 /* Frameworks */,
			);
			sourceTree = "<group>";
		};
		F7F0F14C1EF5EA1C00D73E20 /* Products */ = {
			isa = PBXGroup;
			children = (
				F7F0F14B1EF5EA1C00D73E20 /* AppStoreClone.app */,
			);
			name = Products;
			sourceTree = "<group>";
		};
		F7F0F14D1EF5EA1C00D73E20 /* AppStoreClone */ = {
			isa = PBXGroup;
			children = (
				F7F0F14E1EF5EA1C00D73E20 /* AppDelegate.swift */,
				F7F0F1501EF5EA1C00D73E20 /* TodayViewController.swift */,
				F70D31F41EF60CAE00DC3326 /* TodayViewController+CollectionView.swift */,
				F7C44AA51EF70CF700E8E658 /* StoryDetailViewController.swift */,
				F70D32091EF6530900DC3326 /* Animation */,
				F70D31F61EF61C1B00DC3326 /* Views */,
				F70D31EF1EF6090B00DC3326 /* Cells */,
				F7F0F1681EF5EBB700D73E20 /* Utility */,
				F7F0F1521EF5EA1C00D73E20 /* Main.storyboard */,
				F7F0F1551EF5EA1C00D73E20 /* Assets.xcassets */,
				F7F0F1571EF5EA1C00D73E20 /* LaunchScreen.storyboard */,
				F7F0F15A1EF5EA1C00D73E20 /* Info.plist */,
			);
			path = AppStoreClone;
			sourceTree = "<group>";
		};
		F7F0F1681EF5EBB700D73E20 /* Utility */ = {
			isa = PBXGroup;
			children = (
				F70D31E91EF5EE4400DC3326 /* GradientView.swift */,
				F7F0F1621EF5EAEF00D73E20 /* BaseView.swift */,
				F7F0F1661EF5EB3900D73E20 /* UIView+Constraints.swift */,
				F70D31F21EF60B5700DC3326 /* Reusable.swift */,
				F70D31F01EF60B3100DC3326 /* UICollectionView+Reusable.swift */,
				DE61C23F1F8E060F00AE564C /* UILabel+FontLayout.swift */,
			);
			name = Utility;
			sourceTree = "<group>";
		};
/* End PBXGroup section */

/* Begin PBXNativeTarget section */
		F7F0F14A1EF5EA1C00D73E20 /* AppStoreClone */ = {
			isa = PBXNativeTarget;
			buildConfigurationList = F7F0F15D1EF5EA1C00D73E20 /* Build configuration list for PBXNativeTarget "AppStoreClone" */;
			buildPhases = (
				58F2E04E7B9D9B9F7AAC91D5 /* [CP] Check Pods Manifest.lock */,
				F7F0F1471EF5EA1C00D73E20 /* Sources */,
				F7F0F1481EF5EA1C00D73E20 /* Frameworks */,
				F7F0F1491EF5EA1C00D73E20 /* Resources */,
				DD3663020A62480970E2BB3F /* [CP] Embed Pods Frameworks */,
				E2AE4C862F50C0069B956BB4 /* [CP] Copy Pods Resources */,
			);
			buildRules = (
			);
			dependencies = (
			);
			name = AppStoreClone;
			productName = AppStoreClone;
			productReference = F7F0F14B1EF5EA1C00D73E20 /* AppStoreClone.app */;
			productType = "com.apple.product-type.application";
		};
/* End PBXNativeTarget section */

/* Begin PBXProject section */
		F7F0F1431EF5EA1C00D73E20 /* Project object */ = {
			isa = PBXProject;
			attributes = {
				LastSwiftUpdateCheck = 0830;
				LastUpgradeCheck = 0830;
				ORGANIZATIONNAME = "Phill Farrugia";
				TargetAttributes = {
					F7F0F14A1EF5EA1C00D73E20 = {
						CreatedOnToolsVersion = 8.3.3;
						DevelopmentTeam = 6VSG94VVFH;
						ProvisioningStyle = Automatic;
					};
				};
			};
			buildConfigurationList = F7F0F1461EF5EA1C00D73E20 /* Build configuration list for PBXProject "AppStoreClone" */;
			compatibilityVersion = "Xcode 3.2";
			developmentRegion = English;
			hasScannedForEncodings = 0;
			knownRegions = (
				en,
				Base,
			);
			mainGroup = F7F0F1421EF5EA1C00D73E20;
			productRefGroup = F7F0F14C1EF5EA1C00D73E20 /* Products */;
			projectDirPath = "";
			projectRoot = "";
			targets = (
				F7F0F14A1EF5EA1C00D73E20 /* AppStoreClone */,
			);
		};
/* End PBXProject section */

/* Begin PBXResourcesBuildPhase section */
		F7F0F1491EF5EA1C00D73E20 /* Resources */ = {
			isa = PBXResourcesBuildPhase;
			buildActionMask = 2147483647;
			files = (
				F7F0F1591EF5EA1C00D73E20 /* LaunchScreen.storyboard in Resources */,
				F7F0F1561EF5EA1C00D73E20 /* Assets.xcassets in Resources */,
				F70D32081EF634FA00DC3326 /* GetStartedListCell.xib in Resources */,
				F70D32041EF62E3D00DC3326 /* AppOfTheDayCell.xib in Resources */,
				F70D31EE1EF6090400DC3326 /* WorldPremiereCell.xib in Resources */,
				F70D31FA1EF61C5E00DC3326 /* TodaySectionHeader.xib in Resources */,
				F70D31FE1EF625D800DC3326 /* FromTheEditorsCell.xib in Resources */,
				F7F0F1541EF5EA1C00D73E20 /* Main.storyboard in Resources */,
			);
			runOnlyForDeploymentPostprocessing = 0;
		};
/* End PBXResourcesBuildPhase section */

/* Begin PBXShellScriptBuildPhase section */
		58F2E04E7B9D9B9F7AAC91D5 /* [CP] Check Pods Manifest.lock */ = {
			isa = PBXShellScriptBuildPhase;
			buildActionMask = 2147483647;
			files = (
			);
			inputPaths = (
				"${PODS_PODFILE_DIR_PATH}/Podfile.lock",
				"${PODS_ROOT}/Manifest.lock",
			);
			name = "[CP] Check Pods Manifest.lock";
			outputPaths = (
				"$(DERIVED_FILE_DIR)/Pods-AppStoreClone-checkManifestLockResult.txt",
			);
			runOnlyForDeploymentPostprocessing = 0;
			shellPath = /bin/sh;
			shellScript = "diff \"${PODS_PODFILE_DIR_PATH}/Podfile.lock\" \"${PODS_ROOT}/Manifest.lock\" > /dev/null\nif [ $? != 0 ] ; then\n    # print error to STDERR\n    echo \"error: The sandbox is not in sync with the Podfile.lock. Run 'pod install' or update your CocoaPods installation.\" >&2\n    exit 1\nfi\n# This output is used by Xcode 'outputs' to avoid re-running this script phase.\necho \"SUCCESS\" > \"${SCRIPT_OUTPUT_FILE_0}\"\n";
			showEnvVarsInLog = 0;
		};
		DD3663020A62480970E2BB3F /* [CP] Embed Pods Frameworks */ = {
			isa = PBXShellScriptBuildPhase;
			buildActionMask = 2147483647;
			files = (
			);
			inputPaths = (
				"${SRCROOT}/Pods/Target Support Files/Pods-AppStoreClone/Pods-AppStoreClone-frameworks.sh",
				"${PODS_ROOT}/Reveal-SDK/RevealServer-8/iOS/RevealServer.framework",
			);
			name = "[CP] Embed Pods Frameworks";
			outputPaths = (
				"${TARGET_BUILD_DIR}/${FRAMEWORKS_FOLDER_PATH}/RevealServer.framework",
			);
			runOnlyForDeploymentPostprocessing = 0;
			shellPath = /bin/sh;
			shellScript = "\"${SRCROOT}/Pods/Target Support Files/Pods-AppStoreClone/Pods-AppStoreClone-frameworks.sh\"\n";
			showEnvVarsInLog = 0;
		};
		E2AE4C862F50C0069B956BB4 /* [CP] Copy Pods Resources */ = {
			isa = PBXShellScriptBuildPhase;
			buildActionMask = 2147483647;
			files = (
			);
			inputPaths = (
			);
			name = "[CP] Copy Pods Resources";
			outputPaths = (
			);
			runOnlyForDeploymentPostprocessing = 0;
			shellPath = /bin/sh;
			shellScript = "\"${SRCROOT}/Pods/Target Support Files/Pods-AppStoreClone/Pods-AppStoreClone-resources.sh\"\n";
			showEnvVarsInLog = 0;
		};
/* End PBXShellScriptBuildPhase section */

/* Begin PBXSourcesBuildPhase section */
		F7F0F1471EF5EA1C00D73E20 /* Sources */ = {
			isa = PBXSourcesBuildPhase;
			buildActionMask = 2147483647;
			files = (
				F70D31FD1EF625D800DC3326 /* FromTheEditorsCell.swift in Sources */,
				F7F0F1511EF5EA1C00D73E20 /* TodayViewController.swift in Sources */,
				F70D32001EF6273000DC3326 /* BaseRoundedCardCell.swift in Sources */,
				F70D31ED1EF6090400DC3326 /* WorldPremiereCell.swift in Sources */,
				F7C44AA81EF76B0F00E8E658 /* DismissStoryViewAnimationController.swift in Sources */,
				F70D31F91EF61C5E00DC3326 /* TodaySectionHeader.swift in Sources */,
				F70D31F51EF60CAE00DC3326 /* TodayViewController+CollectionView.swift in Sources */,
				F70D32071EF634FA00DC3326 /* GetStartedListCell.swift in Sources */,
				F70D31F31EF60B5700DC3326 /* Reusable.swift in Sources */,
				F70D31EA1EF5EE4400DC3326 /* GradientView.swift in Sources */,
				F70D31F11EF60B3100DC3326 /* UICollectionView+Reusable.swift in Sources */,
				F7F0F1671EF5EB3900D73E20 /* UIView+Constraints.swift in Sources */,
				F70D32031EF62E3D00DC3326 /* AppOfTheDayCell.swift in Sources */,
				F7F0F14F1EF5EA1C00D73E20 /* AppDelegate.swift in Sources */,
				F7C44AA61EF70CF700E8E658 /* StoryDetailViewController.swift in Sources */,
				DE61C2401F8E060F00AE564C /* UILabel+FontLayout.swift in Sources */,
				F70D320B1EF6532300DC3326 /* PresentStoryViewAnimationController.swift in Sources */,
				F7F0F1631EF5EAEF00D73E20 /* BaseView.swift in Sources */,
			);
			runOnlyForDeploymentPostprocessing = 0;
		};
/* End PBXSourcesBuildPhase section */

/* Begin PBXVariantGroup section */
		F7F0F1521EF5EA1C00D73E20 /* Main.storyboard */ = {
			isa = PBXVariantGroup;
			children = (
				F7F0F1531EF5EA1C00D73E20 /* Base */,
			);
			name = Main.storyboard;
			sourceTree = "<group>";
		};
		F7F0F1571EF5EA1C00D73E20 /* LaunchScreen.storyboard */ = {
			isa = PBXVariantGroup;
			children = (
				F7F0F1581EF5EA1C00D73E20 /* Base */,
			);
			name = LaunchScreen.storyboard;
			sourceTree = "<group>";
		};
/* End PBXVariantGroup section */

/* Begin XCBuildConfiguration section */
		F7F0F15B1EF5EA1C00D73E20 /* Debug */ = {
			isa = XCBuildConfiguration;
			buildSettings = {
				ALWAYS_SEARCH_USER_PATHS = NO;
				CLANG_ANALYZER_NONNULL = YES;
				CLANG_ANALYZER_NUMBER_OBJECT_CONVERSION = YES_AGGRESSIVE;
				CLANG_CXX_LANGUAGE_STANDARD = "gnu++0x";
				CLANG_CXX_LIBRARY = "libc++";
				CLANG_ENABLE_MODULES = YES;
				CLANG_ENABLE_OBJC_ARC = YES;
				CLANG_WARN_BOOL_CONVERSION = YES;
				CLANG_WARN_CONSTANT_CONVERSION = YES;
				CLANG_WARN_DIRECT_OBJC_ISA_USAGE = YES_ERROR;
				CLANG_WARN_DOCUMENTATION_COMMENTS = YES;
				CLANG_WARN_EMPTY_BODY = YES;
				CLANG_WARN_ENUM_CONVERSION = YES;
				CLANG_WARN_INFINITE_RECURSION = YES;
				CLANG_WARN_INT_CONVERSION = YES;
				CLANG_WARN_OBJC_ROOT_CLASS = YES_ERROR;
				CLANG_WARN_SUSPICIOUS_MOVE = YES;
				CLANG_WARN_UNREACHABLE_CODE = YES;
				CLANG_WARN__DUPLICATE_METHOD_MATCH = YES;
				"CODE_SIGN_IDENTITY[sdk=iphoneos*]" = "iPhone Developer";
				COPY_PHASE_STRIP = NO;
				DEBUG_INFORMATION_FORMAT = dwarf;
				ENABLE_STRICT_OBJC_MSGSEND = YES;
				ENABLE_TESTABILITY = YES;
				GCC_C_LANGUAGE_STANDARD = gnu99;
				GCC_DYNAMIC_NO_PIC = NO;
				GCC_NO_COMMON_BLOCKS = YES;
				GCC_OPTIMIZATION_LEVEL = 0;
				GCC_PREPROCESSOR_DEFINITIONS = (
					"DEBUG=1",
					"$(inherited)",
				);
				GCC_WARN_64_TO_32_BIT_CONVERSION = YES;
				GCC_WARN_ABOUT_RETURN_TYPE = YES_ERROR;
				GCC_WARN_UNDECLARED_SELECTOR = YES;
				GCC_WARN_UNINITIALIZED_AUTOS = YES_AGGRESSIVE;
				GCC_WARN_UNUSED_FUNCTION = YES;
				GCC_WARN_UNUSED_VARIABLE = YES;
				IPHONEOS_DEPLOYMENT_TARGET = 10.3;
				MTL_ENABLE_DEBUG_INFO = YES;
				ONLY_ACTIVE_ARCH = YES;
				SDKROOT = iphoneos;
				SWIFT_ACTIVE_COMPILATION_CONDITIONS = DEBUG;
				SWIFT_OPTIMIZATION_LEVEL = "-Onone";
			};
			name = Debug;
		};
		F7F0F15C1EF5EA1C00D73E20 /* Release */ = {
			isa = XCBuildConfiguration;
			buildSettings = {
				ALWAYS_SEARCH_USER_PATHS = NO;
				CLANG_ANALYZER_NONNULL = YES;
				CLANG_ANALYZER_NUMBER_OBJECT_CONVERSION = YES_AGGRESSIVE;
				CLANG_CXX_LANGUAGE_STANDARD = "gnu++0x";
				CLANG_CXX_LIBRARY = "libc++";
				CLANG_ENABLE_MODULES = YES;
				CLANG_ENABLE_OBJC_ARC = YES;
				CLANG_WARN_BOOL_CONVERSION = YES;
				CLANG_WARN_CONSTANT_CONVERSION = YES;
				CLANG_WARN_DIRECT_OBJC_ISA_USAGE = YES_ERROR;
				CLANG_WARN_DOCUMENTATION_COMMENTS = YES;
				CLANG_WARN_EMPTY_BODY = YES;
				CLANG_WARN_ENUM_CONVERSION = YES;
				CLANG_WARN_INFINITE_RECURSION = YES;
				CLANG_WARN_INT_CONVERSION = YES;
				CLANG_WARN_OBJC_ROOT_CLASS = YES_ERROR;
				CLANG_WARN_SUSPICIOUS_MOVE = YES;
				CLANG_WARN_UNREACHABLE_CODE = YES;
				CLANG_WARN__DUPLICATE_METHOD_MATCH = YES;
				"CODE_SIGN_IDENTITY[sdk=iphoneos*]" = "iPhone Developer";
				COPY_PHASE_STRIP = NO;
				DEBUG_INFORMATION_FORMAT = "dwarf-with-dsym";
				ENABLE_NS_ASSERTIONS = NO;
				ENABLE_STRICT_OBJC_MSGSEND = YES;
				GCC_C_LANGUAGE_STANDARD = gnu99;
				GCC_NO_COMMON_BLOCKS = YES;
				GCC_WARN_64_TO_32_BIT_CONVERSION = YES;
				GCC_WARN_ABOUT_RETURN_TYPE = YES_ERROR;
				GCC_WARN_UNDECLARED_SELECTOR = YES;
				GCC_WARN_UNINITIALIZED_AUTOS = YES_AGGRESSIVE;
				GCC_WARN_UNUSED_FUNCTION = YES;
				GCC_WARN_UNUSED_VARIABLE = YES;
				IPHONEOS_DEPLOYMENT_TARGET = 10.3;
				MTL_ENABLE_DEBUG_INFO = NO;
				SDKROOT = iphoneos;
				SWIFT_OPTIMIZATION_LEVEL = "-Owholemodule";
				VALIDATE_PRODUCT = YES;
			};
			name = Release;
		};
		F7F0F15E1EF5EA1C00D73E20 /* Debug */ = {
			isa = XCBuildConfiguration;
			baseConfigurationReference = 7969423CEC4E6739F6E8EED0 /* Pods-AppStoreClone.debug.xcconfig */;
			buildSettings = {
				ASSETCATALOG_COMPILER_APPICON_NAME = AppIcon;
				DEVELOPMENT_TEAM = 6VSG94VVFH;
				INFOPLIST_FILE = AppStoreClone/Info.plist;
				IPHONEOS_DEPLOYMENT_TARGET = 10.0;
				LD_RUNPATH_SEARCH_PATHS = "$(inherited) @executable_path/Frameworks";
				PRODUCT_BUNDLE_IDENTIFIER = phillfarrugia.AppStoreClone;
				PRODUCT_NAME = "$(TARGET_NAME)";
				SWIFT_VERSION = 3.0;
				TARGETED_DEVICE_FAMILY = "1,2";
			};
			name = Debug;
		};
		F7F0F15F1EF5EA1C00D73E20 /* Release */ = {
			isa = XCBuildConfiguration;
			baseConfigurationReference = BD89E3096EF2B1D912C836DA /* Pods-AppStoreClone.release.xcconfig */;
			buildSettings = {
				ASSETCATALOG_COMPILER_APPICON_NAME = AppIcon;
				DEVELOPMENT_TEAM = 6VSG94VVFH;
				INFOPLIST_FILE = AppStoreClone/Info.plist;
				IPHONEOS_DEPLOYMENT_TARGET = 10.0;
				LD_RUNPATH_SEARCH_PATHS = "$(inherited) @executable_path/Frameworks";
				PRODUCT_BUNDLE_IDENTIFIER = phillfarrugia.AppStoreClone;
				PRODUCT_NAME = "$(TARGET_NAME)";
				SWIFT_VERSION = 3.0;
				TARGETED_DEVICE_FAMILY = "1,2";
			};
			name = Release;
		};
/* End XCBuildConfiguration section */

/* Begin XCConfigurationList section */
		F7F0F1461EF5EA1C00D73E20 /* Build configuration list for PBXProject "AppStoreClone" */ = {
			isa = XCConfigurationList;
			buildConfigurations = (
				F7F0F15B1EF5EA1C00D73E20 /* Debug */,
				F7F0F15C1EF5EA1C00D73E20 /* Release */,
			);
			defaultConfigurationIsVisible = 0;
			defaultConfigurationName = Release;
		};
		F7F0F15D1EF5EA1C00D73E20 /* Build configuration list for PBXNativeTarget "AppStoreClone" */ = {
			isa = XCConfigurationList;
			buildConfigurations = (
				F7F0F15E1EF5EA1C00D73E20 /* Debug */,
				F7F0F15F1EF5EA1C00D73E20 /* Release */,
			);
			defaultConfigurationIsVisible = 0;
			defaultConfigurationName = Release;
		};
/* End XCConfigurationList section */
	};
	rootObject = F7F0F1431EF5EA1C00D73E20 /* Project object */;
}
