// !$*UTF8*$!
{
	archiveVersion = 1;
	classes = {
	};
	objectVersion = 46;
	objects = {

/* Begin PBXBuildFile section */
		F7F0F14F1EF5EA1C00D73E20 /* AppDelegate.swift in Sources */ = {isa = PBXBuildFile; fileRef = F7F0F14E1EF5EA1C00D73E20 /* AppDelegate.swift */; };
		F7F0F1511EF5EA1C00D73E20 /* ViewController.swift in Sources */ = {isa = PBXBuildFile; fileRef = F7F0F1501EF5EA1C00D73E20 /* ViewController.swift */; };
		F7F0F1541EF5EA1C00D73E20 /* Main.storyboard in Resources */ = {isa = PBXBuildFile; fileRef = F7F0F1521EF5EA1C00D73E20 /* Main.storyboard */; };
		F7F0F1561EF5EA1C00D73E20 /* Assets.xcassets in Resources */ = {isa = PBXBuildFile; fileRef = F7F0F1551EF5EA1C00D73E20 /* Assets.xcassets */; };
		F7F0F1591EF5EA1C00D73E20 /* LaunchScreen.storyboard in Resources */ = {isa = PBXBuildFile; fileRef = F7F0F1571EF5EA1C00D73E20 /* LaunchScreen.storyboard */; };
/* End PBXBuildFile section */

/* Begin PBXFileReference section */
		F7F0F14B1EF5EA1C00D73E20 /* HoverView.app */ = {isa = PBXFileReference; explicitFileType = wrapper.application; includeInIndex = 0; path = HoverView.app; sourceTree = BUILT_PRODUCTS_DIR; };
		F7F0F14E1EF5EA1C00D73E20 /* AppDelegate.swift */ = {isa = PBXFileReference; lastKnownFileType = sourcecode.swift; path = AppDelegate.swift; sourceTree = "<group>"; };
		F7F0F1501EF5EA1C00D73E20 /* ViewController.swift */ = {isa = PBXFileReference; lastKnownFileType = sourcecode.swift; path = ViewController.swift; sourceTree = "<group>"; };
		F7F0F1531EF5EA1C00D73E20 /* Base */ = {isa = PBXFileReference; lastKnownFileType = file.storyboard; name = Base; path = Base.lproj/Main.storyboard; sourceTree = "<group>"; };
		F7F0F1551EF5EA1C00D73E20 /* Assets.xcassets */ = {isa = PBXFileReference; lastKnownFileType = folder.assetcatalog; path = Assets.xcassets; sourceTree = "<group>"; };
		F7F0F1581EF5EA1C00D73E20 /* Base */ = {isa = PBXFileReference; lastKnownFileType = file.storyboard; name = Base; path = Base.lproj/LaunchScreen.storyboard; sourceTree = "<group>"; };
		F7F0F15A1EF5EA1C00D73E20 /* Info.plist */ = {isa = PBXFileReference; lastKnownFileType = text.plist.xml; path = Info.plist; sourceTree = "<group>"; };
/* End PBXFileReference section */

/* Begin PBXFrameworksBuildPhase section */
		F7F0F1481EF5EA1C00D73E20 /* Frameworks */ = {
			isa = PBXFrameworksBuildPhase;
			buildActionMask = 2147483647;
			files = (
			);
			runOnlyForDeploymentPostprocessing = 0;
		};
/* End PBXFrameworksBuildPhase section */

/* Begin PBXGroup section */
		F7F0F1421EF5EA1C00D73E20 = {
			isa = PBXGroup;
			children = (
				F7F0F14D1EF5EA1C00D73E20 /* HoverView */,
				F7F0F14C1EF5EA1C00D73E20 /* Products */,
			);
			sourceTree = "<group>";
		};
		F7F0F14C1EF5EA1C00D73E20 /* Products */ = {
			isa = PBXGroup;
			children = (
				F7F0F14B1EF5EA1C00D73E20 /* HoverView.app */,
			);
			name = Products;
			sourceTree = "<group>";
		};
		F7F0F14D1EF5EA1C00D73E20 /* HoverView */ = {
			isa = PBXGroup;
			children = (
				F7F0F14E1EF5EA1C00D73E20 /* AppDelegate.swift */,
				F7F0F1501EF5EA1C00D73E20 /* ViewController.swift */,
				F7F0F1521EF5EA1C00D73E20 /* Main.storyboard */,
				F7F0F1551EF5EA1C00D73E20 /* Assets.xcassets */,
				F7F0F1571EF5EA1C00D73E20 /* LaunchScreen.storyboard */,
				F7F0F15A1EF5EA1C00D73E20 /* Info.plist */,
			);
			path = HoverView;
			sourceTree = "<group>";
		};
/* End PBXGroup section */

/* Begin PBXNativeTarget section */
		F7F0F14A1EF5EA1C00D73E20 /* HoverView */ = {
			isa = PBXNativeTarget;
			buildConfigurationList = F7F0F15D1EF5EA1C00D73E20 /* Build configuration list for PBXNativeTarget "HoverView" */;
			buildPhases = (
				F7F0F1471EF5EA1C00D73E20 /* Sources */,
				F7F0F1481EF5EA1C00D73E20 /* Frameworks */,
				F7F0F1491EF5EA1C00D73E20 /* Resources */,
			);
			buildRules = (
			);
			dependencies = (
			);
			name = HoverView;
			productName = HoverView;
			productReference = F7F0F14B1EF5EA1C00D73E20 /* HoverView.app */;
			productType = "com.apple.product-type.application";
		};
/* End PBXNativeTarget section */

/* Begin PBXProject section */
		F7F0F1431EF5EA1C00D73E20 /* Project object */ = {
			isa = PBXProject;
			attributes = {
				LastSwiftUpdateCheck = 0830;
				LastUpgradeCheck = 0830;
				ORGANIZATIONNAME = "Phill Farrugia";
				TargetAttributes = {
					F7F0F14A1EF5EA1C00D73E20 = {
						CreatedOnToolsVersion = 8.3.3;
						DevelopmentTeam = 6VSG94VVFH;
						ProvisioningStyle = Automatic;
					};
				};
			};
			buildConfigurationList = F7F0F1461EF5EA1C00D73E20 /* Build configuration list for PBXProject "HoverView" */;
			compatibilityVersion = "Xcode 3.2";
			developmentRegion = English;
			hasScannedForEncodings = 0;
			knownRegions = (
				en,
				Base,
			);
			mainGroup = F7F0F1421EF5EA1C00D73E20;
			productRefGroup = F7F0F14C1EF5EA1C00D73E20 /* Products */;
			projectDirPath = "";
			projectRoot = "";
			targets = (
				F7F0F14A1EF5EA1C00D73E20 /* HoverView */,
			);
		};
/* End PBXProject section */

/* Begin PBXResourcesBuildPhase section */
		F7F0F1491EF5EA1C00D73E20 /* Resources */ = {
			isa = PBXResourcesBuildPhase;
			buildActionMask = 2147483647;
			files = (
				F7F0F1591EF5EA1C00D73E20 /* LaunchScreen.storyboard in Resources */,
				F7F0F1561EF5EA1C00D73E20 /* Assets.xcassets in Resources */,
				F7F0F1541EF5EA1C00D73E20 /* Main.storyboard in Resources */,
			);
			runOnlyForDeploymentPostprocessing = 0;
		};
/* End PBXResourcesBuildPhase section */

/* Begin PBXSourcesBuildPhase section */
		F7F0F1471EF5EA1C00D73E20 /* Sources */ = {
			isa = PBXSourcesBuildPhase;
			buildActionMask = 2147483647;
			files = (
				F7F0F1511EF5EA1C00D73E20 /* ViewController.swift in Sources */,
				F7F0F14F1EF5EA1C00D73E20 /* AppDelegate.swift in Sources */,
			);
			runOnlyForDeploymentPostprocessing = 0;
		};
/* End PBXSourcesBuildPhase section */

/* Begin PBXVariantGroup section */
		F7F0F1521EF5EA1C00D73E20 /* Main.storyboard */ = {
			isa = PBXVariantGroup;
			children = (
				F7F0F1531EF5EA1C00D73E20 /* Base */,
			);
			name = Main.storyboard;
			sourceTree = "<group>";
		};
		F7F0F1571EF5EA1C00D73E20 /* LaunchScreen.storyboard */ = {
			isa = PBXVariantGroup;
			children = (
				F7F0F1581EF5EA1C00D73E20 /* Base */,
			);
			name = LaunchScreen.storyboard;
			sourceTree = "<group>";
		};
/* End PBXVariantGroup section */

/* Begin XCBuildConfiguration section */
		F7F0F15B1EF5EA1C00D73E20 /* Debug */ = {
			isa = XCBuildConfiguration;
			buildSettings = {
				ALWAYS_SEARCH_USER_PATHS = NO;
				CLANG_ANALYZER_NONNULL = YES;
				CLANG_ANALYZER_NUMBER_OBJECT_CONVERSION = YES_AGGRESSIVE;
				CLANG_CXX_LANGUAGE_STANDARD = "gnu++0x";
				CLANG_CXX_LIBRARY = "libc++";
				CLANG_ENABLE_MODULES = YES;
				CLANG_ENABLE_OBJC_ARC = YES;
				CLANG_WARN_BOOL_CONVERSION = YES;
				CLANG_WARN_CONSTANT_CONVERSION = YES;
				CLANG_WARN_DIRECT_OBJC_ISA_USAGE = YES_ERROR;
				CLANG_WARN_DOCUMENTATION_COMMENTS = YES;
				CLANG_WARN_EMPTY_BODY = YES;
				CLANG_WARN_ENUM_CONVERSION = YES;
				CLANG_WARN_INFINITE_RECURSION = YES;
				CLANG_WARN_INT_CONVERSION = YES;
				CLANG_WARN_OBJC_ROOT_CLASS = YES_ERROR;
				CLANG_WARN_SUSPICIOUS_MOVE = YES;
				CLANG_WARN_UNREACHABLE_CODE = YES;
				CLANG_WARN__DUPLICATE_METHOD_MATCH = YES;
				"CODE_SIGN_IDENTITY[sdk=iphoneos*]" = "iPhone Developer";
				COPY_PHASE_STRIP = NO;
				DEBUG_INFORMATION_FORMAT = dwarf;
				ENABLE_STRICT_OBJC_MSGSEND = YES;
				ENABLE_TESTABILITY = YES;
				GCC_C_LANGUAGE_STANDARD = gnu99;
				GCC_DYNAMIC_NO_PIC = NO;
				GCC_NO_COMMON_BLOCKS = YES;
				GCC_OPTIMIZATION_LEVEL = 0;
				GCC_PREPROCESSOR_DEFINITIONS = (
					"DEBUG=1",
					"$(inherited)",
				);
				GCC_WARN_64_TO_32_BIT_CONVERSION = YES;
				GCC_WARN_ABOUT_RETURN_TYPE = YES_ERROR;
				GCC_WARN_UNDECLARED_SELECTOR = YES;
				GCC_WARN_UNINITIALIZED_AUTOS = YES_AGGRESSIVE;
				GCC_WARN_UNUSED_FUNCTION = YES;
				GCC_WARN_UNUSED_VARIABLE = YES;
				IPHONEOS_DEPLOYMENT_TARGET = 10.3;
				MTL_ENABLE_DEBUG_INFO = YES;
				ONLY_ACTIVE_ARCH = YES;
				SDKROOT = iphoneos;
				SWIFT_ACTIVE_COMPILATION_CONDITIONS = DEBUG;
				SWIFT_OPTIMIZATION_LEVEL = "-Onone";
			};
			name = Debug;
		};
		F7F0F15C1EF5EA1C00D73E20 /* Release */ = {
			isa = XCBuildConfiguration;
			buildSettings = {
				ALWAYS_SEARCH_USER_PATHS = NO;
				CLANG_ANALYZER_NONNULL = YES;
				CLANG_ANALYZER_NUMBER_OBJECT_CONVERSION = YES_AGGRESSIVE;
				CLANG_CXX_LANGUAGE_STANDARD = "gnu++0x";
				CLANG_CXX_LIBRARY = "libc++";
				CLANG_ENABLE_MODULES = YES;
				CLANG_ENABLE_OBJC_ARC = YES;
				CLANG_WARN_BOOL_CONVERSION = YES;
				CLANG_WARN_CONSTANT_CONVERSION = YES;
				CLANG_WARN_DIRECT_OBJC_ISA_USAGE = YES_ERROR;
				CLANG_WARN_DOCUMENTATION_COMMENTS = YES;
				CLANG_WARN_EMPTY_BODY = YES;
				CLANG_WARN_ENUM_CONVERSION = YES;
				CLANG_WARN_INFINITE_RECURSION = YES;
				CLANG_WARN_INT_CONVERSION = YES;
				CLANG_WARN_OBJC_ROOT_CLASS = YES_ERROR;
				CLANG_WARN_SUSPICIOUS_MOVE = YES;
				CLANG_WARN_UNREACHABLE_CODE = YES;
				CLANG_WARN__DUPLICATE_METHOD_MATCH = YES;
				"CODE_SIGN_IDENTITY[sdk=iphoneos*]" = "iPhone Developer";
				COPY_PHASE_STRIP = NO;
				DEBUG_INFORMATION_FORMAT = "dwarf-with-dsym";
				ENABLE_NS_ASSERTIONS = NO;
				ENABLE_STRICT_OBJC_MSGSEND = YES;
				GCC_C_LANGUAGE_STANDARD = gnu99;
				GCC_NO_COMMON_BLOCKS = YES;
				GCC_WARN_64_TO_32_BIT_CONVERSION = YES;
				GCC_WARN_ABOUT_RETURN_TYPE = YES_ERROR;
				GCC_WARN_UNDECLARED_SELECTOR = YES;
				GCC_WARN_UNINITIALIZED_AUTOS = YES_AGGRESSIVE;
				GCC_WARN_UNUSED_FUNCTION = YES;
				GCC_WARN_UNUSED_VARIABLE = YES;
				IPHONEOS_DEPLOYMENT_TARGET = 10.3;
				MTL_ENABLE_DEBUG_INFO = NO;
				SDKROOT = iphoneos;
				SWIFT_OPTIMIZATION_LEVEL = "-Owholemodule";
				VALIDATE_PRODUCT = YES;
			};
			name = Release;
		};
		F7F0F15E1EF5EA1C00D73E20 /* Debug */ = {
			isa = XCBuildConfiguration;
			buildSettings = {
				ASSETCATALOG_COMPILER_APPICON_NAME = AppIcon;
				DEVELOPMENT_TEAM = 6VSG94VVFH;
				INFOPLIST_FILE = HoverView/Info.plist;
				LD_RUNPATH_SEARCH_PATHS = "$(inherited) @executable_path/Frameworks";
				PRODUCT_BUNDLE_IDENTIFIER = phillfarrugia.HoverView;
				PRODUCT_NAME = "$(TARGET_NAME)";
				SWIFT_VERSION = 3.0;
			};
			name = Debug;
		};
		F7F0F15F1EF5EA1C00D73E20 /* Release */ = {
			isa = XCBuildConfiguration;
			buildSettings = {
				ASSETCATALOG_COMPILER_APPICON_NAME = AppIcon;
				DEVELOPMENT_TEAM = 6VSG94VVFH;
				INFOPLIST_FILE = HoverView/Info.plist;
				LD_RUNPATH_SEARCH_PATHS = "$(inherited) @executable_path/Frameworks";
				PRODUCT_BUNDLE_IDENTIFIER = phillfarrugia.HoverView;
				PRODUCT_NAME = "$(TARGET_NAME)";
				SWIFT_VERSION = 3.0;
			};
			name = Release;
		};
/* End XCBuildConfiguration section */

/* Begin XCConfigurationList section */
		F7F0F1461EF5EA1C00D73E20 /* Build configuration list for PBXProject "HoverView" */ = {
			isa = XCConfigurationList;
			buildConfigurations = (
				F7F0F15B1EF5EA1C00D73E20 /* Debug */,
				F7F0F15C1EF5EA1C00D73E20 /* Release */,
			);
			defaultConfigurationIsVisible = 0;
			defaultConfigurationName = Release;
		};
		F7F0F15D1EF5EA1C00D73E20 /* Build configuration list for PBXNativeTarget "HoverView" */ = {
			isa = XCConfigurationList;
			buildConfigurations = (
				F7F0F15E1EF5EA1C00D73E20 /* Debug */,
				F7F0F15F1EF5EA1C00D73E20 /* Release */,
			);
			defaultConfigurationIsVisible = 0;
		};
/* End XCConfigurationList section */
	};
	rootObject = F7F0F1431EF5EA1C00D73E20 /* Project object */;
}
